
Microsoft Visual Studio Solution File, Format Version 12.00
# Visual Studio Version 17
VisualStudioVersion = 17.14.35806.103 d17.14
MinimumVisualStudioVersion = 10.0.40219.1
Project("{FAE04EC0-301F-11D3-BF4B-00C04F79EFBC}") = "PizzariaAspNet", "PizzariaAspNet\PizzariaAspNet.csproj", "{05993E9A-3A7E-4C72-A80C-6DF9CD9CBE52}"
EndProject
Global
	GlobalSection(SolutionConfigurationPlatforms) = preSolution
		Debug|Any CPU = Debug|Any CPU
		Release|Any CPU = Release|Any CPU
	EndGlobalSection
	GlobalSection(ProjectConfigurationPlatforms) = postSolution
		{05993E9A-3A7E-4C72-A80C-6DF9CD9CBE52}.Debug|Any CPU.ActiveCfg = Debug|Any CPU
		{05993E9A-3A7E-4C72-A80C-6DF9CD9CBE52}.Debug|Any CPU.Build.0 = Debug|Any CPU
		{05993E9A-3A7E-4C72-A80C-6DF9CD9CBE52}.Release|Any CPU.ActiveCfg = Release|Any CPU
		{05993E9A-3A7E-4C72-A80C-6DF9CD9CBE52}.Release|Any CPU.Build.0 = Release|Any CPU
	EndGlobalSection
	GlobalSection(SolutionProperties) = preSolution
		HideSolutionNode = FALSE
	EndGlobalSection
	GlobalSection(ExtensibilityGlobals) = postSolution
		SolutionGuid = {D3551E7B-4FDD-4050-9029-031FC0A1D02A}
	EndGlobalSection
EndGlobal
